// !$*UTF8*$!
{
	archiveVersion = 1;
	classes = {
	};
	objectVersion = 56;
	objects = {

/* Begin PBXBuildFile section */
		A10000000000000000000001 /* KRALIAgentNativeApp.swift in Sources */ = {isa = PBXBuildFile; fileRef = B10000000000000000000001 /* KRALIAgentNativeApp.swift */; };
		A10000000000000000000002 /* ContentView.swift in Sources */ = {isa = PBXBuildFile; fileRef = B10000000000000000000002 /* ContentView.swift */; };
		A10000000000000000000003 /* AgentEngine.swift in Sources */ = {isa = PBXBuildFile; fileRef = B10000000000000000000003 /* AgentEngine.swift */; };
		A10000000000000000000004 /* SpeechController.swift in Sources */ = {isa = PBXBuildFile; fileRef = B10000000000000000000004 /* SpeechController.swift */; };
		A10000000000000000000005 /* Models.swift in Sources */ = {isa = PBXBuildFile; fileRef = B10000000000000000000005 /* Models.swift */; };
		A10000000000000000000006 /* UpdateController.swift in Sources */ = {isa = PBXBuildFile; fileRef = B10000000000000000000006 /* UpdateController.swift */; };
		A10000000000000000000007 /* AgentBrain.swift in Sources */ = {isa = PBXBuildFile; fileRef = B10000000000000000000007 /* AgentBrain.swift */; };
		A10000000000000000000008 /* Assets.xcassets in Resources */ = {isa = PBXBuildFile; fileRef = B10000000000000000000008 /* Assets.xcassets */; };
		A10000000000000000000009 /* AgentPlanner.swift in Sources */ = {isa = PBXBuildFile; fileRef = B10000000000000000000009 /* AgentPlanner.swift */; };
		A10000000000000000000010 /* AgentVerifier.swift in Sources */ = {isa = PBXBuildFile; fileRef = B10000000000000000000010 /* AgentVerifier.swift */; };
		A10000000000000000000011 /* AgentCapabilities.swift in Sources */ = {isa = PBXBuildFile; fileRef = B10000000000000000000011 /* AgentCapabilities.swift */; };
		A10000000000000000000012 /* AgentGoalInterpreter.swift in Sources */ = {isa = PBXBuildFile; fileRef = B10000000000000000000012 /* AgentGoalInterpreter.swift */; };
		A10000000000000000000013 /* AgentResponseComposer.swift in Sources */ = {isa = PBXBuildFile; fileRef = B10000000000000000000013 /* AgentResponseComposer.swift */; };
		A10000000000000000000014 /* AgentRouteBuilder.swift in Sources */ = {isa = PBXBuildFile; fileRef = B10000000000000000000014 /* AgentRouteBuilder.swift */; };
		A10000000000000000000015 /* AgentCapabilityLearner.swift in Sources */ = {isa = PBXBuildFile; fileRef = B10000000000000000000015 /* AgentCapabilityLearner.swift */; };
		A10000000000000000000016 /* AgentLearningStore.swift in Sources */ = {isa = PBXBuildFile; fileRef = B10000000000000000000016 /* AgentLearningStore.swift */; };
		A10000000000000000000017 /* AgentWebResearch.swift in Sources */ = {isa = PBXBuildFile; fileRef = B10000000000000000000017 /* AgentWebResearch.swift */; };
		A10000000000000000000018 /* AgentResearchQueryPlanner.swift in Sources */ = {isa = PBXBuildFile; fileRef = B10000000000000000000018 /* AgentResearchQueryPlanner.swift */; };
		A10000000000000000000019 /* AgentWebSourceReader.swift in Sources */ = {isa = PBXBuildFile; fileRef = B10000000000000000000019 /* AgentWebSourceReader.swift */; };
		A10000000000000000000020 /* MentorTraceStore.swift in Sources */ = {isa = PBXBuildFile; fileRef = B10000000000000000000020 /* MentorTraceStore.swift */; };
		A10000000000000000000021 /* AgentTrainingLab.swift in Sources */ = {isa = PBXBuildFile; fileRef = B10000000000000000000021 /* AgentTrainingLab.swift */; };
		A10000000000000000000022 /* AgentLocalIntelligence.swift in Sources */ = {isa = PBXBuildFile; fileRef = B10000000000000000000022 /* AgentLocalIntelligence.swift */; };
		A10000000000000000000023 /* AgentLiveResearchEval.swift in Sources */ = {isa = PBXBuildFile; fileRef = B10000000000000000000023 /* AgentLiveResearchEval.swift */; };
		A10000000000000000000024 /* AgentDeveloperBridge.swift in Sources */ = {isa = PBXBuildFile; fileRef = B10000000000000000000024 /* AgentDeveloperBridge.swift */; };
		A10000000000000000000025 /* AgentSubscriptionIntelligence.swift in Sources */ = {isa = PBXBuildFile; fileRef = B10000000000000000000025 /* AgentSubscriptionIntelligence.swift */; };
		A10000000000000000000026 /* AgentContextMemory.swift in Sources */ = {isa = PBXBuildFile; fileRef = B10000000000000000000026 /* AgentContextMemory.swift */; };
		A10000000000000000000027 /* AgentScreenPerception.swift in Sources */ = {isa = PBXBuildFile; fileRef = B10000000000000000000027 /* AgentScreenPerception.swift */; };
		A10000000000000000000028 /* AgentDesktopControl.swift in Sources */ = {isa = PBXBuildFile; fileRef = B10000000000000000000028 /* AgentDesktopControl.swift */; };
		A10000000000000000000029 /* AgentNaturalLanguageResolver.swift in Sources */ = {isa = PBXBuildFile; fileRef = B10000000000000000000029 /* AgentNaturalLanguageResolver.swift */; };
		A10000000000000000000030 /* AgentTaskOrchestrator.swift in Sources */ = {isa = PBXBuildFile; fileRef = B10000000000000000000030 /* AgentTaskOrchestrator.swift */; };
		A10000000000000000000031 /* AgentMissionNormalizer.swift in Sources */ = {isa = PBXBuildFile; fileRef = B10000000000000000000031 /* AgentMissionNormalizer.swift */; };
		A10000000000000000000032 /* AgentTextFileWriter.swift in Sources */ = {isa = PBXBuildFile; fileRef = B10000000000000000000032 /* AgentTextFileWriter.swift */; };
		A10000000000000000000033 /* AgentCapabilityGapResolver.swift in Sources */ = {isa = PBXBuildFile; fileRef = B10000000000000000000033 /* AgentCapabilityGapResolver.swift */; };
		A10000000000000000000034 /* AgentAppWorkflowStrategy.swift in Sources */ = {isa = PBXBuildFile; fileRef = B10000000000000000000034 /* AgentAppWorkflowStrategy.swift */; };
		A10000000000000000000035 /* AgentLearningQueue.swift in Sources */ = {isa = PBXBuildFile; fileRef = B10000000000000000000035 /* AgentLearningQueue.swift */; };
		A10000000000000000000036 /* ConversationStore.swift in Sources */ = {isa = PBXBuildFile; fileRef = B10000000000000000000036 /* ConversationStore.swift */; };
		A10000000000000000000037 /* ConversationSidebarView.swift in Sources */ = {isa = PBXBuildFile; fileRef = B10000000000000000000037 /* ConversationSidebarView.swift */; };
		A10000000000000000000038 /* AgentWorkspaceIndexer.swift in Sources */ = {isa = PBXBuildFile; fileRef = B10000000000000000000038 /* AgentWorkspaceIndexer.swift */; };
		A10000000000000000000039 /* AgentDiagnosticsLoader.swift in Sources */ = {isa = PBXBuildFile; fileRef = B10000000000000000000039 /* AgentDiagnosticsLoader.swift */; };
		A10000000000000000000040 /* AgentInspectorState.swift in Sources */ = {isa = PBXBuildFile; fileRef = B10000000000000000000040 /* AgentInspectorState.swift */; };
		A10000000000000000000041 /* AgentFileQueryParser.swift in Sources */ = {isa = PBXBuildFile; fileRef = B10000000000000000000041 /* AgentFileQueryParser.swift */; };
		A10000000000000000000042 /* AgentFileTypeRegistry.swift in Sources */ = {isa = PBXBuildFile; fileRef = B10000000000000000000042 /* AgentFileTypeRegistry.swift */; };
		A10000000000000000000043 /* AgentFileSearchCoordinator.swift in Sources */ = {isa = PBXBuildFile; fileRef = B10000000000000000000043 /* AgentFileSearchCoordinator.swift */; };
		A10000000000000000000044 /* AgentProblemSolver.swift in Sources */ = {isa = PBXBuildFile; fileRef = B10000000000000000000044 /* AgentProblemSolver.swift */; };
		A10000000000000000000045 /* AgentOutcomePlanner.swift in Sources */ = {isa = PBXBuildFile; fileRef = B10000000000000000000045 /* AgentOutcomePlanner.swift */; };
/* End PBXBuildFile section */

/* Begin PBXFileReference section */
		B10000000000000000000000 /* KRALIAgentNative.app */ = {isa = PBXFileReference; explicitFileType = wrapper.application; includeInIndex = 0; path = KRALIAgentNative.app; sourceTree = BUILT_PRODUCTS_DIR; };
		B10000000000000000000001 /* KRALIAgentNativeApp.swift */ = {isa = PBXFileReference; lastKnownFileType = sourcecode.swift; path = KRALIAgentNativeApp.swift; sourceTree = "<group>"; };
		B10000000000000000000002 /* ContentView.swift */ = {isa = PBXFileReference; lastKnownFileType = sourcecode.swift; path = ContentView.swift; sourceTree = "<group>"; };
		B10000000000000000000003 /* AgentEngine.swift */ = {isa = PBXFileReference; lastKnownFileType = sourcecode.swift; path = AgentEngine.swift; sourceTree = "<group>"; };
		B10000000000000000000004 /* SpeechController.swift */ = {isa = PBXFileReference; lastKnownFileType = sourcecode.swift; path = SpeechController.swift; sourceTree = "<group>"; };
		B10000000000000000000005 /* Models.swift */ = {isa = PBXFileReference; lastKnownFileType = sourcecode.swift; path = Models.swift; sourceTree = "<group>"; };
		B10000000000000000000006 /* UpdateController.swift */ = {isa = PBXFileReference; lastKnownFileType = sourcecode.swift; path = UpdateController.swift; sourceTree = "<group>"; };
		B10000000000000000000007 /* AgentBrain.swift */ = {isa = PBXFileReference; lastKnownFileType = sourcecode.swift; path = AgentBrain.swift; sourceTree = "<group>"; };
		B10000000000000000000008 /* Assets.xcassets */ = {isa = PBXFileReference; lastKnownFileType = folder.assetcatalog; path = Assets.xcassets; sourceTree = "<group>"; };
		B10000000000000000000009 /* AgentPlanner.swift */ = {isa = PBXFileReference; lastKnownFileType = sourcecode.swift; path = AgentPlanner.swift; sourceTree = "<group>"; };
		B10000000000000000000010 /* AgentVerifier.swift */ = {isa = PBXFileReference; lastKnownFileType = sourcecode.swift; path = AgentVerifier.swift; sourceTree = "<group>"; };
		B10000000000000000000011 /* AgentCapabilities.swift */ = {isa = PBXFileReference; lastKnownFileType = sourcecode.swift; path = AgentCapabilities.swift; sourceTree = "<group>"; };
		B10000000000000000000012 /* AgentGoalInterpreter.swift */ = {isa = PBXFileReference; lastKnownFileType = sourcecode.swift; path = AgentGoalInterpreter.swift; sourceTree = "<group>"; };
		B10000000000000000000013 /* AgentResponseComposer.swift */ = {isa = PBXFileReference; lastKnownFileType = sourcecode.swift; path = AgentResponseComposer.swift; sourceTree = "<group>"; };
		B10000000000000000000014 /* AgentRouteBuilder.swift */ = {isa = PBXFileReference; lastKnownFileType = sourcecode.swift; path = AgentRouteBuilder.swift; sourceTree = "<group>"; };
		B10000000000000000000015 /* AgentCapabilityLearner.swift */ = {isa = PBXFileReference; lastKnownFileType = sourcecode.swift; path = AgentCapabilityLearner.swift; sourceTree = "<group>"; };
		B10000000000000000000016 /* AgentLearningStore.swift */ = {isa = PBXFileReference; lastKnownFileType = sourcecode.swift; path = AgentLearningStore.swift; sourceTree = "<group>"; };
		B10000000000000000000017 /* AgentWebResearch.swift */ = {isa = PBXFileReference; lastKnownFileType = sourcecode.swift; path = AgentWebResearch.swift; sourceTree = "<group>"; };
		B10000000000000000000018 /* AgentResearchQueryPlanner.swift */ = {isa = PBXFileReference; lastKnownFileType = sourcecode.swift; path = AgentResearchQueryPlanner.swift; sourceTree = "<group>"; };
		B10000000000000000000019 /* AgentWebSourceReader.swift */ = {isa = PBXFileReference; lastKnownFileType = sourcecode.swift; path = AgentWebSourceReader.swift; sourceTree = "<group>"; };
		B10000000000000000000020 /* MentorTraceStore.swift */ = {isa = PBXFileReference; lastKnownFileType = sourcecode.swift; path = MentorTraceStore.swift; sourceTree = "<group>"; };
		B10000000000000000000021 /* AgentTrainingLab.swift */ = {isa = PBXFileReference; lastKnownFileType = sourcecode.swift; path = AgentTrainingLab.swift; sourceTree = "<group>"; };
		B10000000000000000000022 /* AgentLocalIntelligence.swift */ = {isa = PBXFileReference; lastKnownFileType = sourcecode.swift; path = AgentLocalIntelligence.swift; sourceTree = "<group>"; };
		B10000000000000000000023 /* AgentLiveResearchEval.swift */ = {isa = PBXFileReference; lastKnownFileType = sourcecode.swift; path = AgentLiveResearchEval.swift; sourceTree = "<group>"; };
		B10000000000000000000024 /* AgentDeveloperBridge.swift */ = {isa = PBXFileReference; lastKnownFileType = sourcecode.swift; path = AgentDeveloperBridge.swift; sourceTree = "<group>"; };
		B10000000000000000000025 /* AgentSubscriptionIntelligence.swift */ = {isa = PBXFileReference; lastKnownFileType = sourcecode.swift; path = AgentSubscriptionIntelligence.swift; sourceTree = "<group>"; };
		B10000000000000000000026 /* AgentContextMemory.swift */ = {isa = PBXFileReference; lastKnownFileType = sourcecode.swift; path = AgentContextMemory.swift; sourceTree = "<group>"; };
		B10000000000000000000027 /* AgentScreenPerception.swift */ = {isa = PBXFileReference; lastKnownFileType = sourcecode.swift; path = AgentScreenPerception.swift; sourceTree = "<group>"; };
		B10000000000000000000028 /* AgentDesktopControl.swift */ = {isa = PBXFileReference; lastKnownFileType = sourcecode.swift; path = AgentDesktopControl.swift; sourceTree = "<group>"; };
		B10000000000000000000029 /* AgentNaturalLanguageResolver.swift */ = {isa = PBXFileReference; lastKnownFileType = sourcecode.swift; path = AgentNaturalLanguageResolver.swift; sourceTree = "<group>"; };
		B10000000000000000000030 /* AgentTaskOrchestrator.swift */ = {isa = PBXFileReference; lastKnownFileType = sourcecode.swift; path = AgentTaskOrchestrator.swift; sourceTree = "<group>"; };
		B10000000000000000000031 /* AgentMissionNormalizer.swift */ = {isa = PBXFileReference; lastKnownFileType = sourcecode.swift; path = AgentMissionNormalizer.swift; sourceTree = "<group>"; };
		B10000000000000000000032 /* AgentTextFileWriter.swift */ = {isa = PBXFileReference; lastKnownFileType = sourcecode.swift; path = AgentTextFileWriter.swift; sourceTree = "<group>"; };
		B10000000000000000000033 /* AgentCapabilityGapResolver.swift */ = {isa = PBXFileReference; lastKnownFileType = sourcecode.swift; path = AgentCapabilityGapResolver.swift; sourceTree = "<group>"; };
		B10000000000000000000034 /* AgentAppWorkflowStrategy.swift */ = {isa = PBXFileReference; lastKnownFileType = sourcecode.swift; path = AgentAppWorkflowStrategy.swift; sourceTree = "<group>"; };
		B10000000000000000000035 /* AgentLearningQueue.swift */ = {isa = PBXFileReference; lastKnownFileType = sourcecode.swift; path = AgentLearningQueue.swift; sourceTree = "<group>"; };
		B10000000000000000000036 /* ConversationStore.swift */ = {isa = PBXFileReference; lastKnownFileType = sourcecode.swift; path = ConversationStore.swift; sourceTree = "<group>"; };
		B10000000000000000000037 /* ConversationSidebarView.swift */ = {isa = PBXFileReference; lastKnownFileType = sourcecode.swift; path = ConversationSidebarView.swift; sourceTree = "<group>"; };
		B10000000000000000000038 /* AgentWorkspaceIndexer.swift */ = {isa = PBXFileReference; lastKnownFileType = sourcecode.swift; path = AgentWorkspaceIndexer.swift; sourceTree = "<group>"; };
		B10000000000000000000039 /* AgentDiagnosticsLoader.swift */ = {isa = PBXFileReference; lastKnownFileType = sourcecode.swift; path = AgentDiagnosticsLoader.swift; sourceTree = "<group>"; };
		B10000000000000000000040 /* AgentInspectorState.swift */ = {isa = PBXFileReference; lastKnownFileType = sourcecode.swift; path = AgentInspectorState.swift; sourceTree = "<group>"; };
		B10000000000000000000041 /* AgentFileQueryParser.swift */ = {isa = PBXFileReference; lastKnownFileType = sourcecode.swift; path = AgentFileQueryParser.swift; sourceTree = "<group>"; };
		B10000000000000000000042 /* AgentFileTypeRegistry.swift */ = {isa = PBXFileReference; lastKnownFileType = sourcecode.swift; path = AgentFileTypeRegistry.swift; sourceTree = "<group>"; };
		B10000000000000000000043 /* AgentFileSearchCoordinator.swift */ = {isa = PBXFileReference; lastKnownFileType = sourcecode.swift; path = AgentFileSearchCoordinator.swift; sourceTree = "<group>"; };
		B10000000000000000000044 /* AgentProblemSolver.swift */ = {isa = PBXFileReference; lastKnownFileType = sourcecode.swift; path = AgentProblemSolver.swift; sourceTree = "<group>"; };
		B10000000000000000000045 /* AgentOutcomePlanner.swift */ = {isa = PBXFileReference; lastKnownFileType = sourcecode.swift; path = AgentOutcomePlanner.swift; sourceTree = "<group>"; };
/* End PBXFileReference section */

/* Begin PBXFrameworksBuildPhase section */
		C10000000000000000000001 /* Frameworks */ = {
			isa = PBXFrameworksBuildPhase;
			buildActionMask = 2147483647;
			files = (
			);
			runOnlyForDeploymentPostprocessing = 0;
		};
/* End PBXFrameworksBuildPhase section */

/* Begin PBXGroup section */
		D10000000000000000000000 = {
			isa = PBXGroup;
			children = (
				D10000000000000000000001 /* KRALIAgentNative */,
				D10000000000000000000002 /* Products */,
			);
			sourceTree = "<group>";
		};
		D10000000000000000000001 /* KRALIAgentNative */ = {
			isa = PBXGroup;
			children = (
				B10000000000000000000001 /* KRALIAgentNativeApp.swift */,
				B10000000000000000000002 /* ContentView.swift */,
				B10000000000000000000003 /* AgentEngine.swift */,
				B10000000000000000000004 /* SpeechController.swift */,
				B10000000000000000000005 /* Models.swift */,
				B10000000000000000000006 /* UpdateController.swift */,
				B10000000000000000000007 /* AgentBrain.swift */,
				B10000000000000000000008 /* Assets.xcassets */,
				B10000000000000000000009 /* AgentPlanner.swift */,
				B10000000000000000000010 /* AgentVerifier.swift */,
				B10000000000000000000011 /* AgentCapabilities.swift */,
				B10000000000000000000012 /* AgentGoalInterpreter.swift */,
				B10000000000000000000013 /* AgentResponseComposer.swift */,
				B10000000000000000000014 /* AgentRouteBuilder.swift */,
				B10000000000000000000015 /* AgentCapabilityLearner.swift */,
				B10000000000000000000016 /* AgentLearningStore.swift */,
				B10000000000000000000017 /* AgentWebResearch.swift */,
				B10000000000000000000018 /* AgentResearchQueryPlanner.swift */,
				B10000000000000000000019 /* AgentWebSourceReader.swift */,
				B10000000000000000000020 /* MentorTraceStore.swift */,
				B10000000000000000000021 /* AgentTrainingLab.swift */,
				B10000000000000000000022 /* AgentLocalIntelligence.swift */,
				B10000000000000000000023 /* AgentLiveResearchEval.swift */,
				B10000000000000000000024 /* AgentDeveloperBridge.swift */,
				B10000000000000000000025 /* AgentSubscriptionIntelligence.swift */,
				B10000000000000000000026 /* AgentContextMemory.swift */,
				B10000000000000000000027 /* AgentScreenPerception.swift */,
				B10000000000000000000028 /* AgentDesktopControl.swift */,
				B10000000000000000000029 /* AgentNaturalLanguageResolver.swift */,
				B10000000000000000000030 /* AgentTaskOrchestrator.swift */,
				B10000000000000000000031 /* AgentMissionNormalizer.swift */,
				B10000000000000000000032 /* AgentTextFileWriter.swift */,
				B10000000000000000000033 /* AgentCapabilityGapResolver.swift */,
				B10000000000000000000034 /* AgentAppWorkflowStrategy.swift */,
				B10000000000000000000035 /* AgentLearningQueue.swift */,
				B10000000000000000000036 /* ConversationStore.swift */,
				B10000000000000000000037 /* ConversationSidebarView.swift */,
				B10000000000000000000038 /* AgentWorkspaceIndexer.swift */,
				B10000000000000000000039 /* AgentDiagnosticsLoader.swift */,
				B10000000000000000000040 /* AgentInspectorState.swift */,
				B10000000000000000000041 /* AgentFileQueryParser.swift */,
				B10000000000000000000042 /* AgentFileTypeRegistry.swift */,
				B10000000000000000000043 /* AgentFileSearchCoordinator.swift */,
				B10000000000000000000044 /* AgentProblemSolver.swift */,
				B10000000000000000000045 /* AgentOutcomePlanner.swift */,
			);
			path = KRALIAgentNative;
			sourceTree = "<group>";
		};
		D10000000000000000000002 /* Products */ = {
			isa = PBXGroup;
			children = (
				B10000000000000000000000 /* KRALIAgentNative.app */,
			);
			name = Products;
			sourceTree = "<group>";
		};
/* End PBXGroup section */

/* Begin PBXNativeTarget section */
		E10000000000000000000000 /* KRALIAgentNative */ = {
			isa = PBXNativeTarget;
			buildConfigurationList = F10000000000000000000001 /* Build configuration list for PBXNativeTarget "KRALIAgentNative" */;
			buildPhases = (
				C10000000000000000000002 /* Sources */,
				C10000000000000000000001 /* Frameworks */,
				C10000000000000000000003 /* Resources */,
			);
			buildRules = (
			);
			dependencies = (
			);
			name = KRALIAgentNative;
			productName = KRALIAgentNative;
			productReference = B10000000000000000000000 /* KRALIAgentNative.app */;
			productType = "com.apple.product-type.application";
		};
/* End PBXNativeTarget section */

/* Begin PBXProject section */
		F10000000000000000000000 /* Project object */ = {
			isa = PBXProject;
			attributes = {
				BuildIndependentTargetsInParallel = 1;
				LastSwiftUpdateCheck = 1600;
				LastUpgradeCheck = 1600;
				TargetAttributes = {
					E10000000000000000000000 = {
						CreatedOnToolsVersion = 16.0;
						ProvisioningStyle = Automatic;
					};
				};
			};
			buildConfigurationList = F10000000000000000000002 /* Build configuration list for PBXProject "KRALIAgentNative" */;
			compatibilityVersion = "Xcode 14.0";
			developmentRegion = en;
			hasScannedForEncodings = 0;
			knownRegions = (
				en,
				Base,
			);
			mainGroup = D10000000000000000000000;
			productRefGroup = D10000000000000000000002 /* Products */;
			projectDirPath = "";
			projectRoot = "";
			targets = (
				E10000000000000000000000 /* KRALIAgentNative */,
			);
		};
/* End PBXProject section */

/* Begin PBXResourcesBuildPhase section */
		C10000000000000000000003 /* Resources */ = {
			isa = PBXResourcesBuildPhase;
			buildActionMask = 2147483647;
			files = (
				A10000000000000000000008 /* Assets.xcassets in Resources */,
			);
			runOnlyForDeploymentPostprocessing = 0;
		};
/* End PBXResourcesBuildPhase section */

/* Begin PBXSourcesBuildPhase section */
		C10000000000000000000002 /* Sources */ = {
			isa = PBXSourcesBuildPhase;
			buildActionMask = 2147483647;
			files = (
				A10000000000000000000001 /* KRALIAgentNativeApp.swift in Sources */,
				A10000000000000000000002 /* ContentView.swift in Sources */,
				A10000000000000000000003 /* AgentEngine.swift in Sources */,
				A10000000000000000000004 /* SpeechController.swift in Sources */,
				A10000000000000000000005 /* Models.swift in Sources */,
				A10000000000000000000006 /* UpdateController.swift in Sources */,
				A10000000000000000000007 /* AgentBrain.swift in Sources */,
				A10000000000000000000009 /* AgentPlanner.swift in Sources */,
				A10000000000000000000010 /* AgentVerifier.swift in Sources */,
				A10000000000000000000011 /* AgentCapabilities.swift in Sources */,
				A10000000000000000000012 /* AgentGoalInterpreter.swift in Sources */,
				A10000000000000000000013 /* AgentResponseComposer.swift in Sources */,
				A10000000000000000000014 /* AgentRouteBuilder.swift in Sources */,
				A10000000000000000000015 /* AgentCapabilityLearner.swift in Sources */,
				A10000000000000000000016 /* AgentLearningStore.swift in Sources */,
				A10000000000000000000017 /* AgentWebResearch.swift in Sources */,
				A10000000000000000000018 /* AgentResearchQueryPlanner.swift in Sources */,
				A10000000000000000000019 /* AgentWebSourceReader.swift in Sources */,
				A10000000000000000000020 /* MentorTraceStore.swift in Sources */,
				A10000000000000000000021 /* AgentTrainingLab.swift in Sources */,
				A10000000000000000000022 /* AgentLocalIntelligence.swift in Sources */,
				A10000000000000000000023 /* AgentLiveResearchEval.swift in Sources */,
				A10000000000000000000024 /* AgentDeveloperBridge.swift in Sources */,
				A10000000000000000000025 /* AgentSubscriptionIntelligence.swift in Sources */,
				A10000000000000000000026 /* AgentContextMemory.swift in Sources */,
				A10000000000000000000027 /* AgentScreenPerception.swift in Sources */,
				A10000000000000000000028 /* AgentDesktopControl.swift in Sources */,
				A10000000000000000000029 /* AgentNaturalLanguageResolver.swift in Sources */,
				A10000000000000000000030 /* AgentTaskOrchestrator.swift in Sources */,
				A10000000000000000000031 /* AgentMissionNormalizer.swift in Sources */,
				A10000000000000000000032 /* AgentTextFileWriter.swift in Sources */,
				A10000000000000000000033 /* AgentCapabilityGapResolver.swift in Sources */,
				A10000000000000000000034 /* AgentAppWorkflowStrategy.swift in Sources */,
				A10000000000000000000035 /* AgentLearningQueue.swift in Sources */,
				A10000000000000000000036 /* ConversationStore.swift in Sources */,
				A10000000000000000000037 /* ConversationSidebarView.swift in Sources */,
				A10000000000000000000038 /* AgentWorkspaceIndexer.swift in Sources */,
				A10000000000000000000039 /* AgentDiagnosticsLoader.swift in Sources */,
				A10000000000000000000040 /* AgentInspectorState.swift in Sources */,
				A10000000000000000000041 /* AgentFileQueryParser.swift in Sources */,
				A10000000000000000000042 /* AgentFileTypeRegistry.swift in Sources */,
				A10000000000000000000043 /* AgentFileSearchCoordinator.swift in Sources */,
				A10000000000000000000044 /* AgentProblemSolver.swift in Sources */,
				A10000000000000000000045 /* AgentOutcomePlanner.swift in Sources */,
			);
			runOnlyForDeploymentPostprocessing = 0;
		};
/* End PBXSourcesBuildPhase section */

/* Begin XCBuildConfiguration section */
		G10000000000000000000001 /* Debug */ = {
			isa = XCBuildConfiguration;
			buildSettings = {
				ALWAYS_SEARCH_USER_PATHS = NO;
				CLANG_ENABLE_MODULES = YES;
				MACOSX_DEPLOYMENT_TARGET = 14.0;
				SDKROOT = macosx;
				SWIFT_VERSION = 5.0;
			};
			name = Debug;
		};
		G10000000000000000000002 /* Release */ = {
			isa = XCBuildConfiguration;
			buildSettings = {
				ALWAYS_SEARCH_USER_PATHS = NO;
				CLANG_ENABLE_MODULES = YES;
				MACOSX_DEPLOYMENT_TARGET = 14.0;
				SDKROOT = macosx;
				SWIFT_COMPILATION_MODE = wholemodule;
				SWIFT_OPTIMIZATION_LEVEL = "-O";
				SWIFT_VERSION = 5.0;
			};
			name = Release;
		};
		G10000000000000000000003 /* Debug */ = {
			isa = XCBuildConfiguration;
			buildSettings = {
				ASSETCATALOG_COMPILER_APPICON_NAME = AppIcon;
				ASSETCATALOG_COMPILER_GLOBAL_ACCENT_COLOR_NAME = AccentColor;
				CODE_SIGN_STYLE = Automatic;
				COMBINE_HIDPI_IMAGES = YES;
				CURRENT_PROJECT_VERSION = 185;
				DEVELOPMENT_TEAM = 65244UMFCK;
				ENABLE_HARDENED_RUNTIME = NO;
				ENABLE_PREVIEWS = YES;
				GENERATE_INFOPLIST_FILE = YES;
				INFOPLIST_KEY_CFBundleDisplayName = "KRALİ";
				INFOPLIST_KEY_CFBundleName = "KRALİ";
				INFOPLIST_KEY_LSApplicationCategoryType = "public.app-category.productivity";
				INFOPLIST_KEY_NSMicrophoneUsageDescription = "KRALİ sesli komut kaydetmek için mikrofon erişimi kullanır.";
				INFOPLIST_KEY_NSScreenCaptureUsageDescription = "KRALİ ekrandaki uygulama durumunu okuyup yaptığı işlemleri doğrulamak için ekran kaydı erişimini kullanır.";
				INFOPLIST_KEY_NSSpeechRecognitionUsageDescription = "KRALİ kaydettiğiniz Türkçe sesli komutları yazıya çevirmek için konuşma tanıma kullanır.";
				LD_RUNPATH_SEARCH_PATHS = (
					"$(inherited)",
					"@executable_path/../Frameworks",
				);
				MACOSX_DEPLOYMENT_TARGET = 14.0;
				MARKETING_VERSION = 0.10.12;
				PRODUCT_BUNDLE_IDENTIFIER = com.aliihsancanuysal.kraliagent;
				PRODUCT_NAME = "$(TARGET_NAME)";
				SDKROOT = macosx;
				SWIFT_EMIT_LOC_STRINGS = YES;
				SWIFT_VERSION = 5.0;
			};
			name = Debug;
		};
		G10000000000000000000004 /* Release */ = {
			isa = XCBuildConfiguration;
			buildSettings = {
				ASSETCATALOG_COMPILER_APPICON_NAME = AppIcon;
				ASSETCATALOG_COMPILER_GLOBAL_ACCENT_COLOR_NAME = AccentColor;
				CODE_SIGN_STYLE = Automatic;
				COMBINE_HIDPI_IMAGES = YES;
				CURRENT_PROJECT_VERSION = 185;
				DEVELOPMENT_TEAM = 65244UMFCK;
				ENABLE_HARDENED_RUNTIME = NO;
				GENERATE_INFOPLIST_FILE = YES;
				INFOPLIST_KEY_CFBundleDisplayName = "KRALİ";
				INFOPLIST_KEY_CFBundleName = "KRALİ";
				INFOPLIST_KEY_LSApplicationCategoryType = "public.app-category.productivity";
				INFOPLIST_KEY_NSMicrophoneUsageDescription = "KRALİ sesli komut kaydetmek için mikrofon erişimi kullanır.";
				INFOPLIST_KEY_NSScreenCaptureUsageDescription = "KRALİ ekrandaki uygulama durumunu okuyup yaptığı işlemleri doğrulamak için ekran kaydı erişimini kullanır.";
				INFOPLIST_KEY_NSSpeechRecognitionUsageDescription = "KRALİ kaydettiğiniz Türkçe sesli komutları yazıya çevirmek için konuşma tanıma kullanır.";
				LD_RUNPATH_SEARCH_PATHS = (
					"$(inherited)",
					"@executable_path/../Frameworks",
				);
				MACOSX_DEPLOYMENT_TARGET = 14.0;
				MARKETING_VERSION = 0.10.12;
				PRODUCT_BUNDLE_IDENTIFIER = com.aliihsancanuysal.kraliagent;
				PRODUCT_NAME = "$(TARGET_NAME)";
				SDKROOT = macosx;
				SWIFT_EMIT_LOC_STRINGS = YES;
				SWIFT_VERSION = 5.0;
			};
			name = Release;
		};
/* End XCBuildConfiguration section */

/* Begin XCConfigurationList section */
		F10000000000000000000001 /* Build configuration list for PBXNativeTarget "KRALIAgentNative" */ = {
			isa = XCConfigurationList;
			buildConfigurations = (
				G10000000000000000000003 /* Debug */,
				G10000000000000000000004 /* Release */,
			);
			defaultConfigurationIsVisible = 0;
			defaultConfigurationName = Release;
		};
		F10000000000000000000002 /* Build configuration list for PBXProject "KRALIAgentNative" */ = {
			isa = XCConfigurationList;
			buildConfigurations = (
				G10000000000000000000001 /* Debug */,
				G10000000000000000000002 /* Release */,
			);
			defaultConfigurationIsVisible = 0;
			defaultConfigurationName = Release;
		};
/* End XCConfigurationList section */
	};
	rootObject = F10000000000000000000000 /* Project object */;
}
